// !$*UTF8*$!
{
	archiveVersion = 1;
	classes = {
	};
	objectVersion = 56;
	objects = {

/* Begin PBXBuildFile section */
		E4454A43298DD84E007B4CEE /* findtheflaggameApp.swift in Sources */ = {isa = PBXBuildFile; fileRef = E4454A42298DD84E007B4CEE /* findtheflaggameApp.swift */; };
		E4454A45298DD84E007B4CEE /* ContentView.swift in Sources */ = {isa = PBXBuildFile; fileRef = E4454A44298DD84E007B4CEE /* ContentView.swift */; };
		E4454A47298DD850007B4CEE /* Assets.xcassets in Resources */ = {isa = PBXBuildFile; fileRef = E4454A46298DD850007B4CEE /* Assets.xcassets */; };
		E4454A4A298DD850007B4CEE /* Preview Assets.xcassets in Resources */ = {isa = PBXBuildFile; fileRef = E4454A49298DD850007B4CEE /* Preview Assets.xcassets */; };
		E4454A51298DDB70007B4CEE /* flagImage.swift in Sources */ = {isa = PBXBuildFile; fileRef = E4454A50298DDB70007B4CEE /* flagImage.swift */; };
		E4454A53298DDB8C007B4CEE /* structCountry.swift in Sources */ = {isa = PBXBuildFile; fileRef = E4454A52298DDB8C007B4CEE /* structCountry.swift */; };
		E44A9C76298F0EB800FBA17A /* SplashScreenView.swift in Sources */ = {isa = PBXBuildFile; fileRef = E44A9C75298F0EB800FBA17A /* SplashScreenView.swift */; };
/* End PBXBuildFile section */

/* Begin PBXFileReference section */
		E4454A3F298DD84E007B4CEE /* Find The Flag.app */ = {isa = PBXFileReference; explicitFileType = wrapper.application; includeInIndex = 0; path = "Find The Flag.app"; sourceTree = BUILT_PRODUCTS_DIR; };
		E4454A42298DD84E007B4CEE /* findtheflaggameApp.swift */ = {isa = PBXFileReference; lastKnownFileType = sourcecode.swift; path = findtheflaggameApp.swift; sourceTree = "<group>"; };
		E4454A44298DD84E007B4CEE /* ContentView.swift */ = {isa = PBXFileReference; lastKnownFileType = sourcecode.swift; path = ContentView.swift; sourceTree = "<group>"; };
		E4454A46298DD850007B4CEE /* Assets.xcassets */ = {isa = PBXFileReference; lastKnownFileType = folder.assetcatalog; path = Assets.xcassets; sourceTree = "<group>"; };
		E4454A49298DD850007B4CEE /* Preview Assets.xcassets */ = {isa = PBXFileReference; lastKnownFileType = folder.assetcatalog; path = "Preview Assets.xcassets"; sourceTree = "<group>"; };
		E4454A50298DDB70007B4CEE /* flagImage.swift */ = {isa = PBXFileReference; lastKnownFileType = sourcecode.swift; path = flagImage.swift; sourceTree = "<group>"; };
		E4454A52298DDB8C007B4CEE /* structCountry.swift */ = {isa = PBXFileReference; lastKnownFileType = sourcecode.swift; path = structCountry.swift; sourceTree = "<group>"; };
		E44A9C75298F0EB800FBA17A /* SplashScreenView.swift */ = {isa = PBXFileReference; lastKnownFileType = sourcecode.swift; path = SplashScreenView.swift; sourceTree = "<group>"; };
/* End PBXFileReference section */

/* Begin PBXFrameworksBuildPhase section */
		E4454A3C298DD84E007B4CEE /* Frameworks */ = {
			isa = PBXFrameworksBuildPhase;
			buildActionMask = 2147483647;
			files = (
			);
			runOnlyForDeploymentPostprocessing = 0;
		};
/* End PBXFrameworksBuildPhase section */

/* Begin PBXGroup section */
		E4454A36298DD84E007B4CEE = {
			isa = PBXGroup;
			children = (
				E4454A41298DD84E007B4CEE /* findtheflaggame */,
				E4454A40298DD84E007B4CEE /* Products */,
			);
			sourceTree = "<group>";
		};
		E4454A40298DD84E007B4CEE /* Products */ = {
			isa = PBXGroup;
			children = (
				E4454A3F298DD84E007B4CEE /* Find The Flag.app */,
			);
			name = Products;
			sourceTree = "<group>";
		};
		E4454A41298DD84E007B4CEE /* findtheflaggame */ = {
			isa = PBXGroup;
			children = (
				E4454A42298DD84E007B4CEE /* findtheflaggameApp.swift */,
				E4454A44298DD84E007B4CEE /* ContentView.swift */,
				E4454A50298DDB70007B4CEE /* flagImage.swift */,
				E4454A52298DDB8C007B4CEE /* structCountry.swift */,
				E4454A46298DD850007B4CEE /* Assets.xcassets */,
				E4454A48298DD850007B4CEE /* Preview Content */,
				E44A9C75298F0EB800FBA17A /* SplashScreenView.swift */,
			);
			path = findtheflaggame;
			sourceTree = "<group>";
		};
		E4454A48298DD850007B4CEE /* Preview Content */ = {
			isa = PBXGroup;
			children = (
				E4454A49298DD850007B4CEE /* Preview Assets.xcassets */,
			);
			path = "Preview Content";
			sourceTree = "<group>";
		};
/* End PBXGroup section */

/* Begin PBXNativeTarget section */
		E4454A3E298DD84E007B4CEE /* findtheflaggame */ = {
			isa = PBXNativeTarget;
			buildConfigurationList = E4454A4D298DD850007B4CEE /* Build configuration list for PBXNativeTarget "findtheflaggame" */;
			buildPhases = (
				E4454A3B298DD84E007B4CEE /* Sources */,
				E4454A3C298DD84E007B4CEE /* Frameworks */,
				E4454A3D298DD84E007B4CEE /* Resources */,
			);
			buildRules = (
			);
			dependencies = (
			);
			name = findtheflaggame;
			productName = findtheflaggame;
			productReference = E4454A3F298DD84E007B4CEE /* Find The Flag.app */;
			productType = "com.apple.product-type.application";
		};
/* End PBXNativeTarget section */

/* Begin PBXProject section */
		E4454A37298DD84E007B4CEE /* Project object */ = {
			isa = PBXProject;
			attributes = {
				BuildIndependentTargetsInParallel = 1;
				LastSwiftUpdateCheck = 1420;
				LastUpgradeCheck = 1420;
				TargetAttributes = {
					E4454A3E298DD84E007B4CEE = {
						CreatedOnToolsVersion = 14.2;
					};
				};
			};
			buildConfigurationList = E4454A3A298DD84E007B4CEE /* Build configuration list for PBXProject "findtheflaggame" */;
			compatibilityVersion = "Xcode 14.0";
			developmentRegion = en;
			hasScannedForEncodings = 0;
			knownRegions = (
				en,
				Base,
			);
			mainGroup = E4454A36298DD84E007B4CEE;
			productRefGroup = E4454A40298DD84E007B4CEE /* Products */;
			projectDirPath = "";
			projectRoot = "";
			targets = (
				E4454A3E298DD84E007B4CEE /* findtheflaggame */,
			);
		};
/* End PBXProject section */

/* Begin PBXResourcesBuildPhase section */
		E4454A3D298DD84E007B4CEE /* Resources */ = {
			isa = PBXResourcesBuildPhase;
			buildActionMask = 2147483647;
			files = (
				E4454A4A298DD850007B4CEE /* Preview Assets.xcassets in Resources */,
				E4454A47298DD850007B4CEE /* Assets.xcassets in Resources */,
			);
			runOnlyForDeploymentPostprocessing = 0;
		};
/* End PBXResourcesBuildPhase section */

/* Begin PBXSourcesBuildPhase section */
		E4454A3B298DD84E007B4CEE /* Sources */ = {
			isa = PBXSourcesBuildPhase;
			buildActionMask = 2147483647;
			files = (
				E4454A45298DD84E007B4CEE /* ContentView.swift in Sources */,
				E4454A43298DD84E007B4CEE /* findtheflaggameApp.swift in Sources */,
				E44A9C76298F0EB800FBA17A /* SplashScreenView.swift in Sources */,
				E4454A51298DDB70007B4CEE /* flagImage.swift in Sources */,
				E4454A53298DDB8C007B4CEE /* structCountry.swift in Sources */,
			);
			runOnlyForDeploymentPostprocessing = 0;
		};
/* End PBXSourcesBuildPhase section */

/* Begin XCBuildConfiguration section */
		E4454A4B298DD850007B4CEE /* Debug */ = {
			isa = XCBuildConfiguration;
			buildSettings = {
				ALWAYS_SEARCH_USER_PATHS = NO;
				CLANG_ANALYZER_NONNULL = YES;
				CLANG_ANALYZER_NUMBER_OBJECT_CONVERSION = YES_AGGRESSIVE;
				CLANG_CXX_LANGUAGE_STANDARD = "gnu++20";
				CLANG_ENABLE_MODULES = YES;
				CLANG_ENABLE_OBJC_ARC = YES;
				CLANG_ENABLE_OBJC_WEAK = YES;
				CLANG_WARN_BLOCK_CAPTURE_AUTORELEASING = YES;
				CLANG_WARN_BOOL_CONVERSION = YES;
				CLANG_WARN_COMMA = YES;
				CLANG_WARN_CONSTANT_CONVERSION = YES;
				CLANG_WARN_DEPRECATED_OBJC_IMPLEMENTATIONS = YES;
				CLANG_WARN_DIRECT_OBJC_ISA_USAGE = YES_ERROR;
				CLANG_WARN_DOCUMENTATION_COMMENTS = YES;
				CLANG_WARN_EMPTY_BODY = YES;
				CLANG_WARN_ENUM_CONVERSION = YES;
				CLANG_WARN_INFINITE_RECURSION = YES;
				CLANG_WARN_INT_CONVERSION = YES;
				CLANG_WARN_NON_LITERAL_NULL_CONVERSION = YES;
				CLANG_WARN_OBJC_IMPLICIT_RETAIN_SELF = YES;
				CLANG_WARN_OBJC_LITERAL_CONVERSION = YES;
				CLANG_WARN_OBJC_ROOT_CLASS = YES_ERROR;
				CLANG_WARN_QUOTED_INCLUDE_IN_FRAMEWORK_HEADER = YES;
				CLANG_WARN_RANGE_LOOP_ANALYSIS = YES;
				CLANG_WARN_STRICT_PROTOTYPES = YES;
				CLANG_WARN_SUSPICIOUS_MOVE = YES;
				CLANG_WARN_UNGUARDED_AVAILABILITY = YES_AGGRESSIVE;
				CLANG_WARN_UNREACHABLE_CODE = YES;
				CLANG_WARN__DUPLICATE_METHOD_MATCH = YES;
				COPY_PHASE_STRIP = NO;
				DEBUG_INFORMATION_FORMAT = dwarf;
				ENABLE_STRICT_OBJC_MSGSEND = YES;
				ENABLE_TESTABILITY = YES;
				GCC_C_LANGUAGE_STANDARD = gnu11;
				GCC_DYNAMIC_NO_PIC = NO;
				GCC_NO_COMMON_BLOCKS = YES;
				GCC_OPTIMIZATION_LEVEL = 0;
				GCC_PREPROCESSOR_DEFINITIONS = (
					"DEBUG=1",
					"$(inherited)",
				);
				GCC_WARN_64_TO_32_BIT_CONVERSION = YES;
				GCC_WARN_ABOUT_RETURN_TYPE = YES_ERROR;
				GCC_WARN_UNDECLARED_SELECTOR = YES;
				GCC_WARN_UNINITIALIZED_AUTOS = YES_AGGRESSIVE;
				GCC_WARN_UNUSED_FUNCTION = YES;
				GCC_WARN_UNUSED_VARIABLE = YES;
				IPHONEOS_DEPLOYMENT_TARGET = 16.2;
				MTL_ENABLE_DEBUG_INFO = INCLUDE_SOURCE;
				MTL_FAST_MATH = YES;
				ONLY_ACTIVE_ARCH = YES;
				SDKROOT = iphoneos;
				SWIFT_ACTIVE_COMPILATION_CONDITIONS = DEBUG;
				SWIFT_OPTIMIZATION_LEVEL = "-Onone";
			};
			name = Debug;
		};
		E4454A4C298DD850007B4CEE /* Release */ = {
			isa = XCBuildConfiguration;
			buildSettings = {
				ALWAYS_SEARCH_USER_PATHS = NO;
				CLANG_ANALYZER_NONNULL = YES;
				CLANG_ANALYZER_NUMBER_OBJECT_CONVERSION = YES_AGGRESSIVE;
				CLANG_CXX_LANGUAGE_STANDARD = "gnu++20";
				CLANG_ENABLE_MODULES = YES;
				CLANG_ENABLE_OBJC_ARC = YES;
				CLANG_ENABLE_OBJC_WEAK = YES;
				CLANG_WARN_BLOCK_CAPTURE_AUTORELEASING = YES;
				CLANG_WARN_BOOL_CONVERSION = YES;
				CLANG_WARN_COMMA = YES;
				CLANG_WARN_CONSTANT_CONVERSION = YES;
				CLANG_WARN_DEPRECATED_OBJC_IMPLEMENTATIONS = YES;
				CLANG_WARN_DIRECT_OBJC_ISA_USAGE = YES_ERROR;
				CLANG_WARN_DOCUMENTATION_COMMENTS = YES;
				CLANG_WARN_EMPTY_BODY = YES;
				CLANG_WARN_ENUM_CONVERSION = YES;
				CLANG_WARN_INFINITE_RECURSION = YES;
				CLANG_WARN_INT_CONVERSION = YES;
				CLANG_WARN_NON_LITERAL_NULL_CONVERSION = YES;
				CLANG_WARN_OBJC_IMPLICIT_RETAIN_SELF = YES;
				CLANG_WARN_OBJC_LITERAL_CONVERSION = YES;
				CLANG_WARN_OBJC_ROOT_CLASS = YES_ERROR;
				CLANG_WARN_QUOTED_INCLUDE_IN_FRAMEWORK_HEADER = YES;
				CLANG_WARN_RANGE_LOOP_ANALYSIS = YES;
				CLANG_WARN_STRICT_PROTOTYPES = YES;
				CLANG_WARN_SUSPICIOUS_MOVE = YES;
				CLANG_WARN_UNGUARDED_AVAILABILITY = YES_AGGRESSIVE;
				CLANG_WARN_UNREACHABLE_CODE = YES;
				CLANG_WARN__DUPLICATE_METHOD_MATCH = YES;
				COPY_PHASE_STRIP = NO;
				DEBUG_INFORMATION_FORMAT = "dwarf-with-dsym";
				ENABLE_NS_ASSERTIONS = NO;
				ENABLE_STRICT_OBJC_MSGSEND = YES;
				GCC_C_LANGUAGE_STANDARD = gnu11;
				GCC_NO_COMMON_BLOCKS = YES;
				GCC_WARN_64_TO_32_BIT_CONVERSION = YES;
				GCC_WARN_ABOUT_RETURN_TYPE = YES_ERROR;
				GCC_WARN_UNDECLARED_SELECTOR = YES;
				GCC_WARN_UNINITIALIZED_AUTOS = YES_AGGRESSIVE;
				GCC_WARN_UNUSED_FUNCTION = YES;
				GCC_WARN_UNUSED_VARIABLE = YES;
				IPHONEOS_DEPLOYMENT_TARGET = 16.2;
				MTL_ENABLE_DEBUG_INFO = NO;
				MTL_FAST_MATH = YES;
				SDKROOT = iphoneos;
				SWIFT_COMPILATION_MODE = wholemodule;
				SWIFT_OPTIMIZATION_LEVEL = "-O";
				VALIDATE_PRODUCT = YES;
			};
			name = Release;
		};
		E4454A4E298DD850007B4CEE /* Debug */ = {
			isa = XCBuildConfiguration;
			buildSettings = {
				ASSETCATALOG_COMPILER_APPICON_NAME = AppIcon;
				ASSETCATALOG_COMPILER_GLOBAL_ACCENT_COLOR_NAME = AccentColor;
				CODE_SIGN_STYLE = Automatic;
				CURRENT_PROJECT_VERSION = 1;
				DEVELOPMENT_ASSET_PATHS = "\"findtheflaggame/Preview Content\"";
				DEVELOPMENT_TEAM = UXC33S4TT6;
				ENABLE_PREVIEWS = YES;
				GENERATE_INFOPLIST_FILE = YES;
				INFOPLIST_KEY_UIApplicationSceneManifest_Generation = YES;
				INFOPLIST_KEY_UIApplicationSupportsIndirectInputEvents = YES;
				INFOPLIST_KEY_UILaunchScreen_Generation = YES;
				INFOPLIST_KEY_UISupportedInterfaceOrientations_iPad = "UIInterfaceOrientationPortrait UIInterfaceOrientationPortraitUpsideDown UIInterfaceOrientationLandscapeLeft UIInterfaceOrientationLandscapeRight";
				INFOPLIST_KEY_UISupportedInterfaceOrientations_iPhone = "UIInterfaceOrientationPortrait UIInterfaceOrientationLandscapeLeft UIInterfaceOrientationLandscapeRight";
				LD_RUNPATH_SEARCH_PATHS = (
					"$(inherited)",
					"@executable_path/Frameworks",
				);
				MARKETING_VERSION = 1.0;
				PRODUCT_BUNDLE_IDENTIFIER = j2kcorp.findtheflaggame;
				PRODUCT_NAME = "Find The Flag";
				SWIFT_EMIT_LOC_STRINGS = YES;
				SWIFT_VERSION = 5.0;
				TARGETED_DEVICE_FAMILY = "1,2";
			};
			name = Debug;
		};
		E4454A4F298DD850007B4CEE /* Release */ = {
			isa = XCBuildConfiguration;
			buildSettings = {
				ASSETCATALOG_COMPILER_APPICON_NAME = AppIcon;
				ASSETCATALOG_COMPILER_GLOBAL_ACCENT_COLOR_NAME = AccentColor;
				CODE_SIGN_STYLE = Automatic;
				CURRENT_PROJECT_VERSION = 1;
				DEVELOPMENT_ASSET_PATHS = "\"findtheflaggame/Preview Content\"";
				DEVELOPMENT_TEAM = UXC33S4TT6;
				ENABLE_PREVIEWS = YES;
				GENERATE_INFOPLIST_FILE = YES;
				INFOPLIST_KEY_UIApplicationSceneManifest_Generation = YES;
				INFOPLIST_KEY_UIApplicationSupportsIndirectInputEvents = YES;
				INFOPLIST_KEY_UILaunchScreen_Generation = YES;
				INFOPLIST_KEY_UISupportedInterfaceOrientations_iPad = "UIInterfaceOrientationPortrait UIInterfaceOrientationPortraitUpsideDown UIInterfaceOrientationLandscapeLeft UIInterfaceOrientationLandscapeRight";
				INFOPLIST_KEY_UISupportedInterfaceOrientations_iPhone = "UIInterfaceOrientationPortrait UIInterfaceOrientationLandscapeLeft UIInterfaceOrientationLandscapeRight";
				LD_RUNPATH_SEARCH_PATHS = (
					"$(inherited)",
					"@executable_path/Frameworks",
				);
				MARKETING_VERSION = 1.0;
				PRODUCT_BUNDLE_IDENTIFIER = j2kcorp.findtheflaggame;
				PRODUCT_NAME = "Find The Flag";
				SWIFT_EMIT_LOC_STRINGS = YES;
				SWIFT_VERSION = 5.0;
				TARGETED_DEVICE_FAMILY = "1,2";
			};
			name = Release;
		};
/* End XCBuildConfiguration section */

/* Begin XCConfigurationList section */
		E4454A3A298DD84E007B4CEE /* Build configuration list for PBXProject "findtheflaggame" */ = {
			isa = XCConfigurationList;
			buildConfigurations = (
				E4454A4B298DD850007B4CEE /* Debug */,
				E4454A4C298DD850007B4CEE /* Release */,
			);
			defaultConfigurationIsVisible = 0;
			defaultConfigurationName = Release;
		};
		E4454A4D298DD850007B4CEE /* Build configuration list for PBXNativeTarget "findtheflaggame" */ = {
			isa = XCConfigurationList;
			buildConfigurations = (
				E4454A4E298DD850007B4CEE /* Debug */,
				E4454A4F298DD850007B4CEE /* Release */,
			);
			defaultConfigurationIsVisible = 0;
			defaultConfigurationName = Release;
		};
/* End XCConfigurationList section */
	};
	rootObject = E4454A37298DD84E007B4CEE /* Project object */;
}
